# @generated by Move, please check-in and do not edit manually.

[move]
version = 3
manifest_digest = "058F5744A7BF687C0B8125672BB44F2CFF30FA3C0888E7ADBFD9634810A1CEA0"
deps_digest = "F8BBB0CCB2491CA29A3DF03D6F92277A4F3574266507ACD77214D37ECA3F3082"
dependencies = [
  { id = "Sui", name = "Sui" },
]

[[move.package]]
id = "MoveStdlib"
source = { git = "https://github.com/MystenLabs/sui.git", rev = "framework/testnet", subdir = "crates\\sui-framework\\packages\\move-stdlib" }

[[move.package]]
id = "Sui"
source = { git = "https://github.com/MystenLabs/sui.git", rev = "framework/testnet", subdir = "crates/sui-framework/packages/sui-framework" }

dependencies = [
  { id = "MoveStdlib", name = "MoveStdlib" },
]

[move.toolchain-version]
compiler-version = "1.59.0"
edition = "2024.beta"
flavor = "sui"

[env]

[env.testnet]
chain-id = "4c78adac"
original-published-id = "0x31a9c98afb84e4aeab7f55294424387c5377240d295f946978b5a0719a966a72"
latest-published-id = "0x31a9c98afb84e4aeab7f55294424387c5377240d295f946978b5a0719a966a72"
published-version = "1"
